
Microsoft Visual Studio Solution File, Format Version 12.00
# Visual Studio Version 17
VisualStudioVersion = 17.11.35327.3
MinimumVisualStudioVersion = 10.0.40219.1
Project("{FAE04EC0-301F-11D3-BF4B-00C04F79EFBC}") = "Distribuciones_discretas", "Distribuciones_discretas\Distribuciones_discretas.csproj", "{428DE6F4-01BF-4603-9E15-F9E851BBE10E}"
EndProject
Global
	GlobalSection(SolutionConfigurationPlatforms) = preSolution
		Debug|Any CPU = Debug|Any CPU
		Release|Any CPU = Release|Any CPU
	EndGlobalSection
	GlobalSection(ProjectConfigurationPlatforms) = postSolution
		{428DE6F4-01BF-4603-9E15-F9E851BBE10E}.Debug|Any CPU.ActiveCfg = Debug|Any CPU
		{428DE6F4-01BF-4603-9E15-F9E851BBE10E}.Debug|Any CPU.Build.0 = Debug|Any CPU
		{428DE6F4-01BF-4603-9E15-F9E851BBE10E}.Release|Any CPU.ActiveCfg = Release|Any CPU
		{428DE6F4-01BF-4603-9E15-F9E851BBE10E}.Release|Any CPU.Build.0 = Release|Any CPU
	EndGlobalSection
	GlobalSection(SolutionProperties) = preSolution
		HideSolutionNode = FALSE
	EndGlobalSection
	GlobalSection(ExtensibilityGlobals) = postSolution
		SolutionGuid = {B4F292E0-59A4-49AF-B0BD-C219F117F6E4}
	EndGlobalSection
EndGlobal
